// !$*UTF8*$!
{
	archiveVersion = 1;
	classes = {
	};
	objectVersion = 46;
	objects = {

/* Begin PBXBuildFile section */
		E409D5B919472B2C009280BD /* AppDelegate.swift in Sources */ = {isa = PBXBuildFile; fileRef = E409D5B819472B2C009280BD /* AppDelegate.swift */; };
		E409D5BB19472B2C009280BD /* ViewController.swift in Sources */ = {isa = PBXBuildFile; fileRef = E409D5BA19472B2C009280BD /* ViewController.swift */; };
		E409D5BE19472B2C009280BD /* Main.storyboard in Resources */ = {isa = PBXBuildFile; fileRef = E409D5BC19472B2C009280BD /* Main.storyboard */; };
		E409D5C019472B2C009280BD /* Images.xcassets in Resources */ = {isa = PBXBuildFile; fileRef = E409D5BF19472B2C009280BD /* Images.xcassets */; };
		E409D5CC19472B2C009280BD /* FirstSwiftTests.swift in Sources */ = {isa = PBXBuildFile; fileRef = E409D5CB19472B2C009280BD /* FirstSwiftTests.swift */; };
/* End PBXBuildFile section */

/* Begin PBXContainerItemProxy section */
		E409D5C619472B2C009280BD /* PBXContainerItemProxy */ = {
			isa = PBXContainerItemProxy;
			containerPortal = E409D5AB19472B2C009280BD /* Project object */;
			proxyType = 1;
			remoteGlobalIDString = E409D5B219472B2C009280BD;
			remoteInfo = FirstSwift;
		};
/* End PBXContainerItemProxy section */

/* Begin PBXFileReference section */
		E409D5B319472B2C009280BD /* FirstSwift.app */ = {isa = PBXFileReference; explicitFileType = wrapper.application; includeInIndex = 0; path = FirstSwift.app; sourceTree = BUILT_PRODUCTS_DIR; };
		E409D5B719472B2C009280BD /* Info.plist */ = {isa = PBXFileReference; lastKnownFileType = text.plist.xml; path = Info.plist; sourceTree = "<group>"; };
		E409D5B819472B2C009280BD /* AppDelegate.swift */ = {isa = PBXFileReference; lastKnownFileType = sourcecode.swift; path = AppDelegate.swift; sourceTree = "<group>"; };
		E409D5BA19472B2C009280BD /* ViewController.swift */ = {isa = PBXFileReference; lastKnownFileType = sourcecode.swift; path = ViewController.swift; sourceTree = "<group>"; };
		E409D5BD19472B2C009280BD /* Base */ = {isa = PBXFileReference; lastKnownFileType = file.storyboard; name = Base; path = Base.lproj/Main.storyboard; sourceTree = "<group>"; };
		E409D5BF19472B2C009280BD /* Images.xcassets */ = {isa = PBXFileReference; lastKnownFileType = folder.assetcatalog; path = Images.xcassets; sourceTree = "<group>"; };
		E409D5C519472B2C009280BD /* FirstSwiftTests.xctest */ = {isa = PBXFileReference; explicitFileType = wrapper.cfbundle; includeInIndex = 0; path = FirstSwiftTests.xctest; sourceTree = BUILT_PRODUCTS_DIR; };
		E409D5CA19472B2C009280BD /* Info.plist */ = {isa = PBXFileReference; lastKnownFileType = text.plist.xml; path = Info.plist; sourceTree = "<group>"; };
		E409D5CB19472B2C009280BD /* FirstSwiftTests.swift */ = {isa = PBXFileReference; lastKnownFileType = sourcecode.swift; path = FirstSwiftTests.swift; sourceTree = "<group>"; };
/* End PBXFileReference section */

/* Begin PBXFrameworksBuildPhase section */
		E409D5B019472B2C009280BD /* Frameworks */ = {
			isa = PBXFrameworksBuildPhase;
			buildActionMask = 2147483647;
			files = (
			);
			runOnlyForDeploymentPostprocessing = 0;
		};
		E409D5C219472B2C009280BD /* Frameworks */ = {
			isa = PBXFrameworksBuildPhase;
			buildActionMask = 2147483647;
			files = (
			);
			runOnlyForDeploymentPostprocessing = 0;
		};
/* End PBXFrameworksBuildPhase section */

/* Begin PBXGroup section */
		E409D5AA19472B2C009280BD = {
			isa = PBXGroup;
			children = (
				E409D5B519472B2C009280BD /* FirstSwift */,
				E409D5C819472B2C009280BD /* FirstSwiftTests */,
				E409D5B419472B2C009280BD /* Products */,
			);
			sourceTree = "<group>";
		};
		E409D5B419472B2C009280BD /* Products */ = {
			isa = PBXGroup;
			children = (
				E409D5B319472B2C009280BD /* FirstSwift.app */,
				E409D5C519472B2C009280BD /* FirstSwiftTests.xctest */,
			);
			name = Products;
			sourceTree = "<group>";
		};
		E409D5B519472B2C009280BD /* FirstSwift */ = {
			isa = PBXGroup;
			children = (
				E409D5B819472B2C009280BD /* AppDelegate.swift */,
				E409D5BA19472B2C009280BD /* ViewController.swift */,
				E409D5BC19472B2C009280BD /* Main.storyboard */,
				E409D5BF19472B2C009280BD /* Images.xcassets */,
				E409D5B619472B2C009280BD /* Supporting Files */,
			);
			path = FirstSwift;
			sourceTree = "<group>";
		};
		E409D5B619472B2C009280BD /* Supporting Files */ = {
			isa = PBXGroup;
			children = (
				E409D5B719472B2C009280BD /* Info.plist */,
			);
			name = "Supporting Files";
			sourceTree = "<group>";
		};
		E409D5C819472B2C009280BD /* FirstSwiftTests */ = {
			isa = PBXGroup;
			children = (
				E409D5CB19472B2C009280BD /* FirstSwiftTests.swift */,
				E409D5C919472B2C009280BD /* Supporting Files */,
			);
			path = FirstSwiftTests;
			sourceTree = "<group>";
		};
		E409D5C919472B2C009280BD /* Supporting Files */ = {
			isa = PBXGroup;
			children = (
				E409D5CA19472B2C009280BD /* Info.plist */,
			);
			name = "Supporting Files";
			sourceTree = "<group>";
		};
/* End PBXGroup section */

/* Begin PBXNativeTarget section */
		E409D5B219472B2C009280BD /* FirstSwift */ = {
			isa = PBXNativeTarget;
			buildConfigurationList = E409D5CF19472B2C009280BD /* Build configuration list for PBXNativeTarget "FirstSwift" */;
			buildPhases = (
				E409D5AF19472B2C009280BD /* Sources */,
				E409D5B019472B2C009280BD /* Frameworks */,
				E409D5B119472B2C009280BD /* Resources */,
			);
			buildRules = (
			);
			dependencies = (
			);
			name = FirstSwift;
			productName = FirstSwift;
			productReference = E409D5B319472B2C009280BD /* FirstSwift.app */;
			productType = "com.apple.product-type.application";
		};
		E409D5C419472B2C009280BD /* FirstSwiftTests */ = {
			isa = PBXNativeTarget;
			buildConfigurationList = E409D5D219472B2C009280BD /* Build configuration list for PBXNativeTarget "FirstSwiftTests" */;
			buildPhases = (
				E409D5C119472B2C009280BD /* Sources */,
				E409D5C219472B2C009280BD /* Frameworks */,
				E409D5C319472B2C009280BD /* Resources */,
			);
			buildRules = (
			);
			dependencies = (
				E409D5C719472B2C009280BD /* PBXTargetDependency */,
			);
			name = FirstSwiftTests;
			productName = FirstSwiftTests;
			productReference = E409D5C519472B2C009280BD /* FirstSwiftTests.xctest */;
			productType = "com.apple.product-type.bundle.unit-test";
		};
/* End PBXNativeTarget section */

/* Begin PBXProject section */
		E409D5AB19472B2C009280BD /* Project object */ = {
			isa = PBXProject;
			attributes = {
				LastUpgradeCheck = 0600;
				ORGANIZATIONNAME = makiuchi;
				TargetAttributes = {
					E409D5B219472B2C009280BD = {
						CreatedOnToolsVersion = 6.0;
					};
					E409D5C419472B2C009280BD = {
						CreatedOnToolsVersion = 6.0;
						TestTargetID = E409D5B219472B2C009280BD;
					};
				};
			};
			buildConfigurationList = E409D5AE19472B2C009280BD /* Build configuration list for PBXProject "FirstSwift" */;
			compatibilityVersion = "Xcode 3.2";
			developmentRegion = English;
			hasScannedForEncodings = 0;
			knownRegions = (
				en,
				Base,
			);
			mainGroup = E409D5AA19472B2C009280BD;
			productRefGroup = E409D5B419472B2C009280BD /* Products */;
			projectDirPath = "";
			projectRoot = "";
			targets = (
				E409D5B219472B2C009280BD /* FirstSwift */,
				E409D5C419472B2C009280BD /* FirstSwiftTests */,
			);
		};
/* End PBXProject section */

/* Begin PBXResourcesBuildPhase section */
		E409D5B119472B2C009280BD /* Resources */ = {
			isa = PBXResourcesBuildPhase;
			buildActionMask = 2147483647;
			files = (
				E409D5BE19472B2C009280BD /* Main.storyboard in Resources */,
				E409D5C019472B2C009280BD /* Images.xcassets in Resources */,
			);
			runOnlyForDeploymentPostprocessing = 0;
		};
		E409D5C319472B2C009280BD /* Resources */ = {
			isa = PBXResourcesBuildPhase;
			buildActionMask = 2147483647;
			files = (
			);
			runOnlyForDeploymentPostprocessing = 0;
		};
/* End PBXResourcesBuildPhase section */

/* Begin PBXSourcesBuildPhase section */
		E409D5AF19472B2C009280BD /* Sources */ = {
			isa = PBXSourcesBuildPhase;
			buildActionMask = 2147483647;
			files = (
				E409D5BB19472B2C009280BD /* ViewController.swift in Sources */,
				E409D5B919472B2C009280BD /* AppDelegate.swift in Sources */,
			);
			runOnlyForDeploymentPostprocessing = 0;
		};
		E409D5C119472B2C009280BD /* Sources */ = {
			isa = PBXSourcesBuildPhase;
			buildActionMask = 2147483647;
			files = (
				E409D5CC19472B2C009280BD /* FirstSwiftTests.swift in Sources */,
			);
			runOnlyForDeploymentPostprocessing = 0;
		};
/* End PBXSourcesBuildPhase section */

/* Begin PBXTargetDependency section */
		E409D5C719472B2C009280BD /* PBXTargetDependency */ = {
			isa = PBXTargetDependency;
			target = E409D5B219472B2C009280BD /* FirstSwift */;
			targetProxy = E409D5C619472B2C009280BD /* PBXContainerItemProxy */;
		};
/* End PBXTargetDependency section */

/* Begin PBXVariantGroup section */
		E409D5BC19472B2C009280BD /* Main.storyboard */ = {
			isa = PBXVariantGroup;
			children = (
				E409D5BD19472B2C009280BD /* Base */,
			);
			name = Main.storyboard;
			sourceTree = "<group>";
		};
/* End PBXVariantGroup section */

/* Begin XCBuildConfiguration section */
		E409D5CD19472B2C009280BD /* Debug */ = {
			isa = XCBuildConfiguration;
			buildSettings = {
				ALWAYS_SEARCH_USER_PATHS = NO;
				CLANG_CXX_LANGUAGE_STANDARD = "gnu++0x";
				CLANG_CXX_LIBRARY = "libc++";
				CLANG_ENABLE_MODULES = YES;
				CLANG_ENABLE_OBJC_ARC = YES;
				CLANG_WARN_BOOL_CONVERSION = YES;
				CLANG_WARN_CONSTANT_CONVERSION = YES;
				CLANG_WARN_DIRECT_OBJC_ISA_USAGE = YES_ERROR;
				CLANG_WARN_EMPTY_BODY = YES;
				CLANG_WARN_ENUM_CONVERSION = YES;
				CLANG_WARN_INT_CONVERSION = YES;
				CLANG_WARN_OBJC_ROOT_CLASS = YES_ERROR;
				CLANG_WARN_UNREACHABLE_CODE = YES;
				CLANG_WARN__DUPLICATE_METHOD_MATCH = YES;
				"CODE_SIGN_IDENTITY[sdk=iphoneos*]" = "iPhone Developer";
				COPY_PHASE_STRIP = NO;
				ENABLE_STRICT_OBJC_MSGSEND = YES;
				GCC_C_LANGUAGE_STANDARD = gnu99;
				GCC_DYNAMIC_NO_PIC = NO;
				GCC_OPTIMIZATION_LEVEL = 0;
				GCC_PREPROCESSOR_DEFINITIONS = (
					"DEBUG=1",
					"$(inherited)",
				);
				GCC_SYMBOLS_PRIVATE_EXTERN = NO;
				GCC_WARN_64_TO_32_BIT_CONVERSION = YES;
				GCC_WARN_ABOUT_RETURN_TYPE = YES_ERROR;
				GCC_WARN_UNDECLARED_SELECTOR = YES;
				GCC_WARN_UNINITIALIZED_AUTOS = YES_AGGRESSIVE;
				GCC_WARN_UNUSED_FUNCTION = YES;
				GCC_WARN_UNUSED_VARIABLE = YES;
				IPHONEOS_DEPLOYMENT_TARGET = 8.0;
				METAL_ENABLE_DEBUG_INFO = YES;
				ONLY_ACTIVE_ARCH = YES;
				SDKROOT = iphoneos;
				SWIFT_OPTIMIZATION_LEVEL = "-Onone";
				TARGETED_DEVICE_FAMILY = "1,2";
			};
			name = Debug;
		};
		E409D5CE19472B2C009280BD /* Release */ = {
			isa = XCBuildConfiguration;
			buildSettings = {
				ALWAYS_SEARCH_USER_PATHS = NO;
				CLANG_CXX_LANGUAGE_STANDARD = "gnu++0x";
				CLANG_CXX_LIBRARY = "libc++";
				CLANG_ENABLE_MODULES = YES;
				CLANG_ENABLE_OBJC_ARC = YES;
				CLANG_WARN_BOOL_CONVERSION = YES;
				CLANG_WARN_CONSTANT_CONVERSION = YES;
				CLANG_WARN_DIRECT_OBJC_ISA_USAGE = YES_ERROR;
				CLANG_WARN_EMPTY_BODY = YES;
				CLANG_WARN_ENUM_CONVERSION = YES;
				CLANG_WARN_INT_CONVERSION = YES;
				CLANG_WARN_OBJC_ROOT_CLASS = YES_ERROR;
				CLANG_WARN_UNREACHABLE_CODE = YES;
				CLANG_WARN__DUPLICATE_METHOD_MATCH = YES;
				"CODE_SIGN_IDENTITY[sdk=iphoneos*]" = "iPhone Developer";
				COPY_PHASE_STRIP = YES;
				ENABLE_NS_ASSERTIONS = NO;
				ENABLE_STRICT_OBJC_MSGSEND = YES;
				GCC_C_LANGUAGE_STANDARD = gnu99;
				GCC_WARN_64_TO_32_BIT_CONVERSION = YES;
				GCC_WARN_ABOUT_RETURN_TYPE = YES_ERROR;
				GCC_WARN_UNDECLARED_SELECTOR = YES;
				GCC_WARN_UNINITIALIZED_AUTOS = YES_AGGRESSIVE;
				GCC_WARN_UNUSED_FUNCTION = YES;
				GCC_WARN_UNUSED_VARIABLE = YES;
				IPHONEOS_DEPLOYMENT_TARGET = 8.0;
				METAL_ENABLE_DEBUG_INFO = NO;
				SDKROOT = iphoneos;
				TARGETED_DEVICE_FAMILY = "1,2";
				VALIDATE_PRODUCT = YES;
			};
			name = Release;
		};
		E409D5D019472B2C009280BD /* Debug */ = {
			isa = XCBuildConfiguration;
			buildSettings = {
				ASSETCATALOG_COMPILER_APPICON_NAME = AppIcon;
				ASSETCATALOG_COMPILER_LAUNCHIMAGE_NAME = LaunchImage;
				INFOPLIST_FILE = FirstSwift/Info.plist;
				LD_RUNPATH_SEARCH_PATHS = "$(inherited) @executable_path/Frameworks";
				PRODUCT_NAME = "$(TARGET_NAME)";
			};
			name = Debug;
		};
		E409D5D119472B2C009280BD /* Release */ = {
			isa = XCBuildConfiguration;
			buildSettings = {
				ASSETCATALOG_COMPILER_APPICON_NAME = AppIcon;
				ASSETCATALOG_COMPILER_LAUNCHIMAGE_NAME = LaunchImage;
				INFOPLIST_FILE = FirstSwift/Info.plist;
				LD_RUNPATH_SEARCH_PATHS = "$(inherited) @executable_path/Frameworks";
				PRODUCT_NAME = "$(TARGET_NAME)";
			};
			name = Release;
		};
		E409D5D319472B2C009280BD /* Debug */ = {
			isa = XCBuildConfiguration;
			buildSettings = {
				BUNDLE_LOADER = "$(BUILT_PRODUCTS_DIR)/FirstSwift.app/FirstSwift";
				FRAMEWORK_SEARCH_PATHS = (
					"$(SDKROOT)/Developer/Library/Frameworks",
					"$(inherited)",
				);
				GCC_PREPROCESSOR_DEFINITIONS = (
					"DEBUG=1",
					"$(inherited)",
				);
				INFOPLIST_FILE = FirstSwiftTests/Info.plist;
				LD_RUNPATH_SEARCH_PATHS = "$(inherited) @executable_path/Frameworks @loader_path/Frameworks";
				METAL_ENABLE_DEBUG_INFO = YES;
				PRODUCT_NAME = "$(TARGET_NAME)";
				TEST_HOST = "$(BUNDLE_LOADER)";
			};
			name = Debug;
		};
		E409D5D419472B2C009280BD /* Release */ = {
			isa = XCBuildConfiguration;
			buildSettings = {
				BUNDLE_LOADER = "$(BUILT_PRODUCTS_DIR)/FirstSwift.app/FirstSwift";
				FRAMEWORK_SEARCH_PATHS = (
					"$(SDKROOT)/Developer/Library/Frameworks",
					"$(inherited)",
				);
				INFOPLIST_FILE = FirstSwiftTests/Info.plist;
				LD_RUNPATH_SEARCH_PATHS = "$(inherited) @executable_path/Frameworks @loader_path/Frameworks";
				METAL_ENABLE_DEBUG_INFO = NO;
				PRODUCT_NAME = "$(TARGET_NAME)";
				TEST_HOST = "$(BUNDLE_LOADER)";
			};
			name = Release;
		};
/* End XCBuildConfiguration section */

/* Begin XCConfigurationList section */
		E409D5AE19472B2C009280BD /* Build configuration list for PBXProject "FirstSwift" */ = {
			isa = XCConfigurationList;
			buildConfigurations = (
				E409D5CD19472B2C009280BD /* Debug */,
				E409D5CE19472B2C009280BD /* Release */,
			);
			defaultConfigurationIsVisible = 0;
			defaultConfigurationName = Release;
		};
		E409D5CF19472B2C009280BD /* Build configuration list for PBXNativeTarget "FirstSwift" */ = {
			isa = XCConfigurationList;
			buildConfigurations = (
				E409D5D019472B2C009280BD /* Debug */,
				E409D5D119472B2C009280BD /* Release */,
			);
			defaultConfigurationIsVisible = 0;
		};
		E409D5D219472B2C009280BD /* Build configuration list for PBXNativeTarget "FirstSwiftTests" */ = {
			isa = XCConfigurationList;
			buildConfigurations = (
				E409D5D319472B2C009280BD /* Debug */,
				E409D5D419472B2C009280BD /* Release */,
			);
			defaultConfigurationIsVisible = 0;
		};
/* End XCConfigurationList section */
	};
	rootObject = E409D5AB19472B2C009280BD /* Project object */;
}
